
Microsoft Visual Studio Solution File, Format Version 12.00
# Visual Studio Version 17
VisualStudioVersion = 17.7.34024.191
MinimumVisualStudioVersion = 10.0.40219.1
Project("{FAE04EC0-301F-11D3-BF4B-00C04F79EFBC}") = "moffice-9laba", "moffice-9laba.csproj", "{2E80BFAE-2491-475A-9326-90D9E6B5C52B}"
EndProject
Global
	GlobalSection(SolutionConfigurationPlatforms) = preSolution
		Debug|Any CPU = Debug|Any CPU
		Release|Any CPU = Release|Any CPU
	EndGlobalSection
	GlobalSection(ProjectConfigurationPlatforms) = postSolution
		{2E80BFAE-2491-475A-9326-90D9E6B5C52B}.Debug|Any CPU.ActiveCfg = Debug|Any CPU
		{2E80BFAE-2491-475A-9326-90D9E6B5C52B}.Debug|Any CPU.Build.0 = Debug|Any CPU
		{2E80BFAE-2491-475A-9326-90D9E6B5C52B}.Release|Any CPU.ActiveCfg = Release|Any CPU
		{2E80BFAE-2491-475A-9326-90D9E6B5C52B}.Release|Any CPU.Build.0 = Release|Any CPU
	EndGlobalSection
	GlobalSection(SolutionProperties) = preSolution
		HideSolutionNode = FALSE
	EndGlobalSection
	GlobalSection(ExtensibilityGlobals) = postSolution
		SolutionGuid = {9B84B4DB-EB5F-49EB-87A2-B2A74AAEFB4F}
	EndGlobalSection
EndGlobal
